
Microsoft Visual Studio Solution File, Format Version 12.00
# Visual Studio Version 17
VisualStudioVersion = 17.7.34018.315
MinimumVisualStudioVersion = 10.0.40219.1
Project("{E53339B2-1760-4266-BCC7-CA923CBCF16C}") = "docker-compose", "docker-compose.dcproj", "{5FAD5E08-88B8-47A8-BBEB-907F9E00D0F6}"
EndProject
Project("{2150E333-8FDC-42A3-9474-1A3956D46DE8}") = "src", "src", "{D59B46A8-3441-41D8-AB1F-B3DD605013E8}"
EndProject
Project("{2150E333-8FDC-42A3-9474-1A3956D46DE8}") = "Backend", "Backend", "{E2BEC4B6-5A76-4F3F-AE1E-94F1FB5488A0}"
EndProject
Project("{9A19103F-16F7-4668-BE54-9A1E7A4F7556}") = "API", "src\Backend\API\API.csproj", "{C4A4CD2F-8F8F-493D-94DF-7D9918E56FAB}"
EndProject
Project("{9A19103F-16F7-4668-BE54-9A1E7A4F7556}") = "CompositionRoot", "src\Backend\CompositionRoot\CompositionRoot.csproj", "{811F0978-5D78-4074-9BBE-79577D940CD0}"
EndProject
Project("{9A19103F-16F7-4668-BE54-9A1E7A4F7556}") = "Core", "src\Backend\Core\Core.csproj", "{002E530F-015C-4CFD-A5F5-13846329887B}"
EndProject
Project("{9A19103F-16F7-4668-BE54-9A1E7A4F7556}") = "DataAccess", "src\Backend\DataAccess\DataAccess.csproj", "{1D0FF562-C387-4945-AF5B-CBB6972C75B0}"
EndProject
Project("{2150E333-8FDC-42A3-9474-1A3956D46DE8}") = "Frontend", "Frontend", "{591D0B3A-FDB4-4920-A1F0-926B32E05FBC}"
EndProject
Project("{9A19103F-16F7-4668-BE54-9A1E7A4F7556}") = "Core", "src\Frontend\Core\Core.csproj", "{36CF71CF-C88A-4C2C-B9C8-1FAB32ABC65E}"
EndProject
Project("{9A19103F-16F7-4668-BE54-9A1E7A4F7556}") = "DataAccess", "src\Frontend\DataAccess\DataAccess.csproj", "{E02C2A49-593D-4215-8480-AAD47B4CCF9F}"
EndProject
Project("{9A19103F-16F7-4668-BE54-9A1E7A4F7556}") = "UI", "src\Frontend\UI\UI.csproj", "{411EBA15-0869-4E99-B6A9-9D81BAD3B34D}"
EndProject
Project("{2150E333-8FDC-42A3-9474-1A3956D46DE8}") = "test", "test", "{AE4FF7D3-A28A-4D38-B63B-F3B42D3F9FF0}"
EndProject
Project("{9A19103F-16F7-4668-BE54-9A1E7A4F7556}") = "API.Tests", "test\API.Tests\API.Tests.csproj", "{40D082F7-3E9E-420B-A450-FEBB1EE48FB4}"
EndProject
Project("{FAE04EC0-301F-11D3-BF4B-00C04F79EFBC}") = "DataAccess.Tests", "test\DataAccess.Tests\DataAccess.Tests.csproj", "{94113EB4-C25E-4C53-93F3-4AE0ADEBFA9B}"
EndProject
Global
	GlobalSection(SolutionConfigurationPlatforms) = preSolution
		Debug|Any CPU = Debug|Any CPU
		Release|Any CPU = Release|Any CPU
	EndGlobalSection
	GlobalSection(ProjectConfigurationPlatforms) = postSolution
		{5FAD5E08-88B8-47A8-BBEB-907F9E00D0F6}.Debug|Any CPU.ActiveCfg = Debug|Any CPU
		{5FAD5E08-88B8-47A8-BBEB-907F9E00D0F6}.Debug|Any CPU.Build.0 = Debug|Any CPU
		{5FAD5E08-88B8-47A8-BBEB-907F9E00D0F6}.Release|Any CPU.ActiveCfg = Release|Any CPU
		{5FAD5E08-88B8-47A8-BBEB-907F9E00D0F6}.Release|Any CPU.Build.0 = Release|Any CPU
		{C4A4CD2F-8F8F-493D-94DF-7D9918E56FAB}.Debug|Any CPU.ActiveCfg = Debug|Any CPU
		{C4A4CD2F-8F8F-493D-94DF-7D9918E56FAB}.Debug|Any CPU.Build.0 = Debug|Any CPU
		{C4A4CD2F-8F8F-493D-94DF-7D9918E56FAB}.Release|Any CPU.ActiveCfg = Release|Any CPU
		{C4A4CD2F-8F8F-493D-94DF-7D9918E56FAB}.Release|Any CPU.Build.0 = Release|Any CPU
		{811F0978-5D78-4074-9BBE-79577D940CD0}.Debug|Any CPU.ActiveCfg = Debug|Any CPU
		{811F0978-5D78-4074-9BBE-79577D940CD0}.Debug|Any CPU.Build.0 = Debug|Any CPU
		{811F0978-5D78-4074-9BBE-79577D940CD0}.Release|Any CPU.ActiveCfg = Release|Any CPU
		{811F0978-5D78-4074-9BBE-79577D940CD0}.Release|Any CPU.Build.0 = Release|Any CPU
		{002E530F-015C-4CFD-A5F5-13846329887B}.Debug|Any CPU.ActiveCfg = Debug|Any CPU
		{002E530F-015C-4CFD-A5F5-13846329887B}.Debug|Any CPU.Build.0 = Debug|Any CPU
		{002E530F-015C-4CFD-A5F5-13846329887B}.Release|Any CPU.ActiveCfg = Release|Any CPU
		{002E530F-015C-4CFD-A5F5-13846329887B}.Release|Any CPU.Build.0 = Release|Any CPU
		{1D0FF562-C387-4945-AF5B-CBB6972C75B0}.Debug|Any CPU.ActiveCfg = Debug|Any CPU
		{1D0FF562-C387-4945-AF5B-CBB6972C75B0}.Debug|Any CPU.Build.0 = Debug|Any CPU
		{1D0FF562-C387-4945-AF5B-CBB6972C75B0}.Release|Any CPU.ActiveCfg = Release|Any CPU
		{1D0FF562-C387-4945-AF5B-CBB6972C75B0}.Release|Any CPU.Build.0 = Release|Any CPU
		{36CF71CF-C88A-4C2C-B9C8-1FAB32ABC65E}.Debug|Any CPU.ActiveCfg = Debug|Any CPU
		{36CF71CF-C88A-4C2C-B9C8-1FAB32ABC65E}.Debug|Any CPU.Build.0 = Debug|Any CPU
		{36CF71CF-C88A-4C2C-B9C8-1FAB32ABC65E}.Release|Any CPU.ActiveCfg = Release|Any CPU
		{36CF71CF-C88A-4C2C-B9C8-1FAB32ABC65E}.Release|Any CPU.Build.0 = Release|Any CPU
		{E02C2A49-593D-4215-8480-AAD47B4CCF9F}.Debug|Any CPU.ActiveCfg = Debug|Any CPU
		{E02C2A49-593D-4215-8480-AAD47B4CCF9F}.Debug|Any CPU.Build.0 = Debug|Any CPU
		{E02C2A49-593D-4215-8480-AAD47B4CCF9F}.Release|Any CPU.ActiveCfg = Release|Any CPU
		{E02C2A49-593D-4215-8480-AAD47B4CCF9F}.Release|Any CPU.Build.0 = Release|Any CPU
		{411EBA15-0869-4E99-B6A9-9D81BAD3B34D}.Debug|Any CPU.ActiveCfg = Debug|Any CPU
		{411EBA15-0869-4E99-B6A9-9D81BAD3B34D}.Debug|Any CPU.Build.0 = Debug|Any CPU
		{411EBA15-0869-4E99-B6A9-9D81BAD3B34D}.Release|Any CPU.ActiveCfg = Release|Any CPU
		{411EBA15-0869-4E99-B6A9-9D81BAD3B34D}.Release|Any CPU.Build.0 = Release|Any CPU
		{40D082F7-3E9E-420B-A450-FEBB1EE48FB4}.Debug|Any CPU.ActiveCfg = Debug|Any CPU
		{40D082F7-3E9E-420B-A450-FEBB1EE48FB4}.Debug|Any CPU.Build.0 = Debug|Any CPU
		{40D082F7-3E9E-420B-A450-FEBB1EE48FB4}.Release|Any CPU.ActiveCfg = Release|Any CPU
		{40D082F7-3E9E-420B-A450-FEBB1EE48FB4}.Release|Any CPU.Build.0 = Release|Any CPU
		{94113EB4-C25E-4C53-93F3-4AE0ADEBFA9B}.Debug|Any CPU.ActiveCfg = Debug|Any CPU
		{94113EB4-C25E-4C53-93F3-4AE0ADEBFA9B}.Debug|Any CPU.Build.0 = Debug|Any CPU
		{94113EB4-C25E-4C53-93F3-4AE0ADEBFA9B}.Release|Any CPU.ActiveCfg = Release|Any CPU
		{94113EB4-C25E-4C53-93F3-4AE0ADEBFA9B}.Release|Any CPU.Build.0 = Release|Any CPU
	EndGlobalSection
	GlobalSection(SolutionProperties) = preSolution
		HideSolutionNode = FALSE
	EndGlobalSection
	GlobalSection(NestedProjects) = preSolution
		{E2BEC4B6-5A76-4F3F-AE1E-94F1FB5488A0} = {D59B46A8-3441-41D8-AB1F-B3DD605013E8}
		{C4A4CD2F-8F8F-493D-94DF-7D9918E56FAB} = {E2BEC4B6-5A76-4F3F-AE1E-94F1FB5488A0}
		{811F0978-5D78-4074-9BBE-79577D940CD0} = {E2BEC4B6-5A76-4F3F-AE1E-94F1FB5488A0}
		{002E530F-015C-4CFD-A5F5-13846329887B} = {E2BEC4B6-5A76-4F3F-AE1E-94F1FB5488A0}
		{1D0FF562-C387-4945-AF5B-CBB6972C75B0} = {E2BEC4B6-5A76-4F3F-AE1E-94F1FB5488A0}
		{591D0B3A-FDB4-4920-A1F0-926B32E05FBC} = {D59B46A8-3441-41D8-AB1F-B3DD605013E8}
		{36CF71CF-C88A-4C2C-B9C8-1FAB32ABC65E} = {591D0B3A-FDB4-4920-A1F0-926B32E05FBC}
		{E02C2A49-593D-4215-8480-AAD47B4CCF9F} = {591D0B3A-FDB4-4920-A1F0-926B32E05FBC}
		{411EBA15-0869-4E99-B6A9-9D81BAD3B34D} = {591D0B3A-FDB4-4920-A1F0-926B32E05FBC}
		{40D082F7-3E9E-420B-A450-FEBB1EE48FB4} = {AE4FF7D3-A28A-4D38-B63B-F3B42D3F9FF0}
		{94113EB4-C25E-4C53-93F3-4AE0ADEBFA9B} = {AE4FF7D3-A28A-4D38-B63B-F3B42D3F9FF0}
	EndGlobalSection
	GlobalSection(ExtensibilityGlobals) = postSolution
		SolutionGuid = {A715F0DD-817D-48D7-A1F2-115D67021343}
	EndGlobalSection
EndGlobal
